
Microsoft Visual Studio Solution File, Format Version 12.00
# Visual Studio Version 16
VisualStudioVersion = 16.0.28803.452
MinimumVisualStudioVersion = 10.0.40219.1
Project("{FAE04EC0-301F-11D3-BF4B-00C04F79EFBC}") = "ClothingWebApp", "ClothingWebApp\ClothingWebApp.csproj", "{3A322207-94BE-471A-9DE8-116B1D279996}"
EndProject
Global
	GlobalSection(SolutionConfigurationPlatforms) = preSolution
		Debug|Any CPU = Debug|Any CPU
		Release|Any CPU = Release|Any CPU
	EndGlobalSection
	GlobalSection(ProjectConfigurationPlatforms) = postSolution
		{3A322207-94BE-471A-9DE8-116B1D279996}.Debug|Any CPU.ActiveCfg = Debug|Any CPU
		{3A322207-94BE-471A-9DE8-116B1D279996}.Debug|Any CPU.Build.0 = Debug|Any CPU
		{3A322207-94BE-471A-9DE8-116B1D279996}.Release|Any CPU.ActiveCfg = Release|Any CPU
		{3A322207-94BE-471A-9DE8-116B1D279996}.Release|Any CPU.Build.0 = Release|Any CPU
	EndGlobalSection
	GlobalSection(SolutionProperties) = preSolution
		HideSolutionNode = FALSE
	EndGlobalSection
	GlobalSection(ExtensibilityGlobals) = postSolution
		SolutionGuid = {F1310892-4C73-4DFD-ACA2-1724218E22EC}
	EndGlobalSection
EndGlobal
